
Microsoft Visual Studio Solution File, Format Version 12.00
# Visual Studio Version 17
VisualStudioVersion = 17.4.33213.308
MinimumVisualStudioVersion = 10.0.40219.1
Project("{FAE04EC0-301F-11D3-BF4B-00C04F79EFBC}") = "seminarska", "seminarska\seminarska.csproj", "{0CC1627A-04FA-4480-B4A2-DA9FFB78D787}"
EndProject
Global
	GlobalSection(SolutionConfigurationPlatforms) = preSolution
		Debug|Any CPU = Debug|Any CPU
		Release|Any CPU = Release|Any CPU
	EndGlobalSection
	GlobalSection(ProjectConfigurationPlatforms) = postSolution
		{0CC1627A-04FA-4480-B4A2-DA9FFB78D787}.Debug|Any CPU.ActiveCfg = Debug|Any CPU
		{0CC1627A-04FA-4480-B4A2-DA9FFB78D787}.Debug|Any CPU.Build.0 = Debug|Any CPU
		{0CC1627A-04FA-4480-B4A2-DA9FFB78D787}.Release|Any CPU.ActiveCfg = Release|Any CPU
		{0CC1627A-04FA-4480-B4A2-DA9FFB78D787}.Release|Any CPU.Build.0 = Release|Any CPU
	EndGlobalSection
	GlobalSection(SolutionProperties) = preSolution
		HideSolutionNode = FALSE
	EndGlobalSection
	GlobalSection(ExtensibilityGlobals) = postSolution
		SolutionGuid = {A1BB04FC-EC6C-48DB-A39D-226A7A8DB0CD}
	EndGlobalSection
EndGlobal
