
Microsoft Visual Studio Solution File, Format Version 12.00
# Visual Studio Version 17
VisualStudioVersion = 17.4.33213.308
MinimumVisualStudioVersion = 10.0.40219.1
Project("{FAE04EC0-301F-11D3-BF4B-00C04F79EFBC}") = "SeminarskaNalogaIvanov", "SeminarskaNalogaIvanov\SeminarskaNalogaIvanov.csproj", "{BF976972-B3C2-4F45-AC88-A12A344A4DA5}"
EndProject
Global
	GlobalSection(SolutionConfigurationPlatforms) = preSolution
		Debug|Any CPU = Debug|Any CPU
		Release|Any CPU = Release|Any CPU
	EndGlobalSection
	GlobalSection(ProjectConfigurationPlatforms) = postSolution
		{BF976972-B3C2-4F45-AC88-A12A344A4DA5}.Debug|Any CPU.ActiveCfg = Debug|Any CPU
		{BF976972-B3C2-4F45-AC88-A12A344A4DA5}.Debug|Any CPU.Build.0 = Debug|Any CPU
		{BF976972-B3C2-4F45-AC88-A12A344A4DA5}.Release|Any CPU.ActiveCfg = Release|Any CPU
		{BF976972-B3C2-4F45-AC88-A12A344A4DA5}.Release|Any CPU.Build.0 = Release|Any CPU
	EndGlobalSection
	GlobalSection(SolutionProperties) = preSolution
		HideSolutionNode = FALSE
	EndGlobalSection
	GlobalSection(ExtensibilityGlobals) = postSolution
		SolutionGuid = {D2E8FC01-0653-4463-9B31-1465171F53DD}
	EndGlobalSection
EndGlobal
