
Microsoft Visual Studio Solution File, Format Version 12.00
# Visual Studio Version 17
VisualStudioVersion = 17.4.33213.308
MinimumVisualStudioVersion = 10.0.40219.1
Project("{FAE04EC0-301F-11D3-BF4B-00C04F79EFBC}") = "SeminarskaRPA", "SeminarskaRPA\SeminarskaRPA.csproj", "{ED9B7AAF-77A7-422C-9475-BAD6DDBEDB5C}"
EndProject
Global
	GlobalSection(SolutionConfigurationPlatforms) = preSolution
		Debug|Any CPU = Debug|Any CPU
		Release|Any CPU = Release|Any CPU
	EndGlobalSection
	GlobalSection(ProjectConfigurationPlatforms) = postSolution
		{ED9B7AAF-77A7-422C-9475-BAD6DDBEDB5C}.Debug|Any CPU.ActiveCfg = Debug|Any CPU
		{ED9B7AAF-77A7-422C-9475-BAD6DDBEDB5C}.Debug|Any CPU.Build.0 = Debug|Any CPU
		{ED9B7AAF-77A7-422C-9475-BAD6DDBEDB5C}.Release|Any CPU.ActiveCfg = Release|Any CPU
		{ED9B7AAF-77A7-422C-9475-BAD6DDBEDB5C}.Release|Any CPU.Build.0 = Release|Any CPU
	EndGlobalSection
	GlobalSection(SolutionProperties) = preSolution
		HideSolutionNode = FALSE
	EndGlobalSection
	GlobalSection(ExtensibilityGlobals) = postSolution
		SolutionGuid = {BF4A624A-95BB-4A3E-9863-2D99C92CF649}
	EndGlobalSection
EndGlobal
