
Microsoft Visual Studio Solution File, Format Version 12.00
# Visual Studio Version 17
VisualStudioVersion = 17.3.32811.315
MinimumVisualStudioVersion = 10.0.40219.1
Project("{FAE04EC0-301F-11D3-BF4B-00C04F79EFBC}") = "prvavaja", "prvavaja\prvavaja.csproj", "{D8C5E14E-E8C7-4302-B9A8-387A810A542E}"
EndProject
Global
	GlobalSection(SolutionConfigurationPlatforms) = preSolution
		Debug|Any CPU = Debug|Any CPU
		Release|Any CPU = Release|Any CPU
	EndGlobalSection
	GlobalSection(ProjectConfigurationPlatforms) = postSolution
		{D8C5E14E-E8C7-4302-B9A8-387A810A542E}.Debug|Any CPU.ActiveCfg = Debug|Any CPU
		{D8C5E14E-E8C7-4302-B9A8-387A810A542E}.Debug|Any CPU.Build.0 = Debug|Any CPU
		{D8C5E14E-E8C7-4302-B9A8-387A810A542E}.Release|Any CPU.ActiveCfg = Release|Any CPU
		{D8C5E14E-E8C7-4302-B9A8-387A810A542E}.Release|Any CPU.Build.0 = Release|Any CPU
	EndGlobalSection
	GlobalSection(SolutionProperties) = preSolution
		HideSolutionNode = FALSE
	EndGlobalSection
	GlobalSection(ExtensibilityGlobals) = postSolution
		SolutionGuid = {45CF9277-A5F6-4C36-AB1A-533DACC6C189}
	EndGlobalSection
EndGlobal
