
Microsoft Visual Studio Solution File, Format Version 12.00
# Visual Studio Version 17
VisualStudioVersion = 17.4.33213.308
MinimumVisualStudioVersion = 10.0.40219.1
Project("{FAE04EC0-301F-11D3-BF4B-00C04F79EFBC}") = "seminarskaivan", "seminarskaivan\seminarskaivan.csproj", "{781183E9-0445-4845-B041-3C3958771651}"
EndProject
Global
	GlobalSection(SolutionConfigurationPlatforms) = preSolution
		Debug|Any CPU = Debug|Any CPU
		Release|Any CPU = Release|Any CPU
	EndGlobalSection
	GlobalSection(ProjectConfigurationPlatforms) = postSolution
		{781183E9-0445-4845-B041-3C3958771651}.Debug|Any CPU.ActiveCfg = Debug|Any CPU
		{781183E9-0445-4845-B041-3C3958771651}.Debug|Any CPU.Build.0 = Debug|Any CPU
		{781183E9-0445-4845-B041-3C3958771651}.Release|Any CPU.ActiveCfg = Release|Any CPU
		{781183E9-0445-4845-B041-3C3958771651}.Release|Any CPU.Build.0 = Release|Any CPU
	EndGlobalSection
	GlobalSection(SolutionProperties) = preSolution
		HideSolutionNode = FALSE
	EndGlobalSection
	GlobalSection(ExtensibilityGlobals) = postSolution
		SolutionGuid = {36AC2FC0-A0A4-4DD5-8D4C-4F75FEC9B629}
	EndGlobalSection
EndGlobal
