
Microsoft Visual Studio Solution File, Format Version 12.00
# Visual Studio Version 17
VisualStudioVersion = 17.4.33213.308
MinimumVisualStudioVersion = 10.0.40219.1
Project("{FAE04EC0-301F-11D3-BF4B-00C04F79EFBC}") = "SpletnaAplikacijaIvan", "SpletnaAplikacijaIvan\SpletnaAplikacijaIvan.csproj", "{B94E8A6D-61DC-4ED6-B688-0123B6D1ED08}"
EndProject
Global
	GlobalSection(SolutionConfigurationPlatforms) = preSolution
		Debug|Any CPU = Debug|Any CPU
		Release|Any CPU = Release|Any CPU
	EndGlobalSection
	GlobalSection(ProjectConfigurationPlatforms) = postSolution
		{B94E8A6D-61DC-4ED6-B688-0123B6D1ED08}.Debug|Any CPU.ActiveCfg = Debug|Any CPU
		{B94E8A6D-61DC-4ED6-B688-0123B6D1ED08}.Debug|Any CPU.Build.0 = Debug|Any CPU
		{B94E8A6D-61DC-4ED6-B688-0123B6D1ED08}.Release|Any CPU.ActiveCfg = Release|Any CPU
		{B94E8A6D-61DC-4ED6-B688-0123B6D1ED08}.Release|Any CPU.Build.0 = Release|Any CPU
	EndGlobalSection
	GlobalSection(SolutionProperties) = preSolution
		HideSolutionNode = FALSE
	EndGlobalSection
	GlobalSection(ExtensibilityGlobals) = postSolution
		SolutionGuid = {259BA7CF-B36B-46E0-B8C2-FBB7EC6324CE}
	EndGlobalSection
EndGlobal
